
Microsoft Visual Studio Solution File, Format Version 12.00
# Visual Studio Version 16
VisualStudioVersion = 16.0.32407.337
MinimumVisualStudioVersion = 10.0.40219.1
Project("{FAE04EC0-301F-11D3-BF4B-00C04F79EFBC}") = "PharmacyApp", "PharmacyApp\PharmacyApp.csproj", "{5E5593D4-B25F-4A30-807C-2CEB9FFFD104}"
EndProject
Global
	GlobalSection(SolutionConfigurationPlatforms) = preSolution
		Debug|Any CPU = Debug|Any CPU
		Release|Any CPU = Release|Any CPU
	EndGlobalSection
	GlobalSection(ProjectConfigurationPlatforms) = postSolution
		{5E5593D4-B25F-4A30-807C-2CEB9FFFD104}.Debug|Any CPU.ActiveCfg = Debug|Any CPU
		{5E5593D4-B25F-4A30-807C-2CEB9FFFD104}.Debug|Any CPU.Build.0 = Debug|Any CPU
		{5E5593D4-B25F-4A30-807C-2CEB9FFFD104}.Release|Any CPU.ActiveCfg = Release|Any CPU
		{5E5593D4-B25F-4A30-807C-2CEB9FFFD104}.Release|Any CPU.Build.0 = Release|Any CPU
	EndGlobalSection
	GlobalSection(SolutionProperties) = preSolution
		HideSolutionNode = FALSE
	EndGlobalSection
	GlobalSection(ExtensibilityGlobals) = postSolution
		SolutionGuid = {98FCD525-D70F-42F1-9024-495C860098DD}
	EndGlobalSection
EndGlobal
